
Microsoft Visual Studio Solution File, Format Version 12.00
# Visual Studio Version 17
VisualStudioVersion = 17.3.32929.385
MinimumVisualStudioVersion = 10.0.40219.1
Project("{FAE04EC0-301F-11D3-BF4B-00C04F79EFBC}") = "timely", "timely.csproj", "{FAD7610D-3421-49F7-9AFF-DC690E59411A}"
EndProject
Global
	GlobalSection(SolutionConfigurationPlatforms) = preSolution
		Debug|Any CPU = Debug|Any CPU
		Release|Any CPU = Release|Any CPU
	EndGlobalSection
	GlobalSection(ProjectConfigurationPlatforms) = postSolution
		{FAD7610D-3421-49F7-9AFF-DC690E59411A}.Debug|Any CPU.ActiveCfg = Debug|Any CPU
		{FAD7610D-3421-49F7-9AFF-DC690E59411A}.Debug|Any CPU.Build.0 = Debug|Any CPU
		{FAD7610D-3421-49F7-9AFF-DC690E59411A}.Release|Any CPU.ActiveCfg = Release|Any CPU
		{FAD7610D-3421-49F7-9AFF-DC690E59411A}.Release|Any CPU.Build.0 = Release|Any CPU
	EndGlobalSection
	GlobalSection(SolutionProperties) = preSolution
		HideSolutionNode = FALSE
	EndGlobalSection
	GlobalSection(ExtensibilityGlobals) = postSolution
		SolutionGuid = {F6B33710-5332-497E-813B-73096A342081}
	EndGlobalSection
EndGlobal
